Microsoft Visual Studio Solution File, Format Version 12.00
# Visual Studio Version 17
VisualStudioVersion = 17.0.31912.275
MinimumVisualStudioVersion = 10.0.40219.1
Project("{1D4A9D0E-8D0B-4A7E-8E5C-123456789ABC}") = "Dispatcher", "Dispatcher\Dispatcher.vcxproj", "{7A1E1C7C-5C5D-4E3B-9C2E-ABCDEF123456}"
EndProject
Global
    GlobalSection(SolutionConfigurationPlatforms) = preSolution
        Debug|x64 = Debug|x64
        Release|x64 = Release|x64
    EndGlobalSection
    GlobalSection(ProjectConfigurationPlatforms) = postSolution
        {7A1E1C7C-5C5D-4E3B-9C2E-ABCDEF123456}.Debug|x64.ActiveCfg = Debug|x64
        {7A1E1C7C-5C5D-4E3B-9C2E-ABCDEF123456}.Debug|x64.Build.0 = Debug|x64
        {7A1E1C7C-5C5D-4E3B-9C2E-ABCDEF123456}.Release|x64.ActiveCfg = Release|x64
        {7A1E1C7C-5C5D-4E3B-9C2E-ABCDEF123456}.Release|x64.Build.0 = Release|x64
    EndGlobalSection
    GlobalSection(SolutionProperties) = preSolution
        HideSolutionNode = FALSE
    EndGlobalSection
EndGlobal
