<?xml version="1.0" encoding="utf-8"?>
<Project ToolsVersion="4.0" xmlns="http://schemas.microsoft.com/developer/msbuild/2003">
  <ItemGroup>
    <Filter Include="Source Files">
      <UniqueIdentifier>{A2E8E1C5-7D3A-4A63-BE54-12F34AB56789}</UniqueIdentifier>
      <Extensions>cpp;c;cc;cxx;def;odl;idl;hpj;bat;asm;asmx</Extensions>
    </Filter>
    <Filter Include="Property Sheets">
      <UniqueIdentifier>{B3C9C1D0-3B5C-4E6D-9A12-0F1E2D3C4B5A}</UniqueIdentifier>
    </Filter>
  </ItemGroup>
  <ItemGroup>
    <ClCompile Include="dispatcher.cpp">
      <Filter>Source Files</Filter>
    </ClCompile>
  </ItemGroup>
  <ItemGroup>
    <None Include="SQLite.paths.props">
      <Filter>Property Sheets</Filter>
    </None>
  </ItemGroup>
</Project>
